<?xml version="1.0" encoding="utf-8"?>
<Project ToolsVersion="4.0" xmlns="http://schemas.microsoft.com/developer/msbuild/2003">
  <ItemGroup>
    <Filter Include="Source Files">
      <UniqueIdentifier>{4FC737F1-C7A5-4376-A066-2A32D752A2FF}</UniqueIdentifier>
      <Extensions>cpp;c;cc;cxx;def;odl;idl;hpj;bat;asm;asmx</Extensions>
    </Filter>
    <Filter Include="Header Files">
      <UniqueIdentifier>{93995380-89BD-4b04-88EB-625FBE52EBFB}</UniqueIdentifier>
      <Extensions>h;hh;hpp;hxx;hm;inl;inc;xsd</Extensions>
    </Filter>
    <Filter Include="Resource Files">
      <UniqueIdentifier>{67DA6AB6-F800-4c08-8B7A-83BB121AAD01}</UniqueIdentifier>
      <Extensions>rc;ico;cur;bmp;dlg;rc2;rct;bin;rgs;gif;jpg;jpeg;jpe;resx;tiff;tif;png;wav;mfcribbon-ms</Extensions>
    </Filter>
    <Filter Include="Scene">
      <UniqueIdentifier>{bc4a2c00-1b36-4e75-9767-d5f53468d66c}</UniqueIdentifier>
    </Filter>
    <Filter Include="Control">
      <UniqueIdentifier>{890ee0f9-05c8-4200-9222-36af0179ea94}</UniqueIdentifier>
    </Filter>
    <Filter Include="Control\Graphics">
      <UniqueIdentifier>{d09aaf2a-02f5-44be-890c-cfed0954fbf4}</UniqueIdentifier>
    </Filter>
    <Filter Include="Object">
      <UniqueIdentifier>{d5b8e075-a993-4244-b031-4d6afbbaf443}</UniqueIdentifier>
    </Filter>
    <Filter Include="Control\Support">
      <UniqueIdentifier>{ef361cd4-62ae-47b1-8f08-2eec4640ccec}</UniqueIdentifier>
    </Filter>
    <Filter Include="Object\Dynamic">
      <UniqueIdentifier>{f0b8080f-aa27-4358-9ce3-163f87325a6c}</UniqueIdentifier>
    </Filter>
    <Filter Include="Object\Static">
      <UniqueIdentifier>{3ca1ead8-eb9b-4694-befd-d10ac80a7dad}</UniqueIdentifier>
    </Filter>
    <Filter Include="Object\Player">
      <UniqueIdentifier>{cd9decfc-c85f-4c6b-87df-443d0fa267f1}</UniqueIdentifier>
    </Filter>
    <Filter Include="Map">
      <UniqueIdentifier>{21fcd39a-3e9f-4835-9bc5-70fef60e954d}</UniqueIdentifier>
    </Filter>
  </ItemGroup>
  <ItemGroup>
    <ClCompile Include="WinMain.cpp">
      <Filter>Source Files</Filter>
    </ClCompile>
    <ClCompile Include="SceneMenu.cpp">
      <Filter>Scene</Filter>
    </ClCompile>
    <ClCompile Include="Scene.cpp">
      <Filter>Scene</Filter>
    </ClCompile>
    <ClCompile Include="SceneMain.cpp">
      <Filter>Scene</Filter>
    </ClCompile>
    <ClCompile Include="SceneEnd.cpp">
      <Filter>Scene</Filter>
    </ClCompile>
    <ClCompile Include="SceneGame.cpp">
      <Filter>Scene</Filter>
    </ClCompile>
    <ClCompile Include="Game.cpp">
      <Filter>Control</Filter>
    </ClCompile>
    <ClCompile Include="Global Setting.cpp">
      <Filter>Control</Filter>
    </ClCompile>
    <ClCompile Include="Sprite.cpp">
      <Filter>Control\Graphics</Filter>
    </ClCompile>
    <ClCompile Include="Font.cpp">
      <Filter>Control\Support</Filter>
    </ClCompile>
    <ClCompile Include="Player.cpp">
      <Filter>Object\Player</Filter>
    </ClCompile>
    <ClCompile Include="TextureCollection.cpp">
      <Filter>Control\Graphics</Filter>
    </ClCompile>
    <ClCompile Include="GameObject.cpp">
      <Filter>Object</Filter>
    </ClCompile>
    <ClCompile Include="Camera.cpp">
      <Filter>Control\Support</Filter>
    </ClCompile>
    <ClCompile Include="BackgroundMap.cpp">
      <Filter>Map</Filter>
    </ClCompile>
    <ClCompile Include="Tile.cpp">
      <Filter>Map</Filter>
    </ClCompile>
    <ClCompile Include="QuadTree.cpp">
      <Filter>Map</Filter>
    </ClCompile>
    <ClCompile Include="TileGrid.cpp">
      <Filter>Map</Filter>
    </ClCompile>
    <ClCompile Include="AABB.cpp">
      <Filter>Control\Support</Filter>
    </ClCompile>
    <ClCompile Include="Texture2.cpp">
      <Filter>Control\Graphics</Filter>
    </ClCompile>
    <ClCompile Include="Animation.cpp">
      <Filter>Control\Graphics</Filter>
    </ClCompile>
    <ClCompile Include="Ground.cpp">
      <Filter>Object\Static</Filter>
    </ClCompile>
    <ClCompile Include="Collision.cpp">
      <Filter>Control\Support</Filter>
    </ClCompile>
    <ClCompile Include="Bullet.cpp">
      <Filter>Object\Player</Filter>
    </ClCompile>
    <ClCompile Include="Hedgehog.cpp">
      <Filter>Object\Dynamic</Filter>
    </ClCompile>
  </ItemGroup>
  <ItemGroup>
    <ClInclude Include="SceneMenu.h">
      <Filter>Scene</Filter>
    </ClInclude>
    <ClInclude Include="Scene.h">
      <Filter>Scene</Filter>
    </ClInclude>
    <ClInclude Include="SceneMain.h">
      <Filter>Scene</Filter>
    </ClInclude>
    <ClInclude Include="SceneGame.h">
      <Filter>Scene</Filter>
    </ClInclude>
    <ClInclude Include="SceneEnd.h">
      <Filter>Scene</Filter>
    </ClInclude>
    <ClInclude Include="Global Setting.h">
      <Filter>Control</Filter>
    </ClInclude>
    <ClInclude Include="Game.h">
      <Filter>Control</Filter>
    </ClInclude>
    <ClInclude Include="Sprite.h">
      <Filter>Control\Graphics</Filter>
    </ClInclude>
    <ClInclude Include="Font.h">
      <Filter>Control\Support</Filter>
    </ClInclude>
    <ClInclude Include="Player.h">
      <Filter>Object\Player</Filter>
    </ClInclude>
    <ClInclude Include="TextureCollection.h">
      <Filter>Control\Graphics</Filter>
    </ClInclude>
    <ClInclude Include="GameObject.h">
      <Filter>Object</Filter>
    </ClInclude>
    <ClInclude Include="Camera.h">
      <Filter>Control\Support</Filter>
    </ClInclude>
    <ClInclude Include="BackgroundMap.h">
      <Filter>Map</Filter>
    </ClInclude>
    <ClInclude Include="Tile.h">
      <Filter>Map</Filter>
    </ClInclude>
    <ClInclude Include="QuadTree.h">
      <Filter>Map</Filter>
    </ClInclude>
    <ClInclude Include="TileGrid.h">
      <Filter>Map</Filter>
    </ClInclude>
    <ClInclude Include="AABB.h">
      <Filter>Control\Support</Filter>
    </ClInclude>
    <ClInclude Include="Texture2.h">
      <Filter>Control\Graphics</Filter>
    </ClInclude>
    <ClInclude Include="Animation.h">
      <Filter>Control\Graphics</Filter>
    </ClInclude>
    <ClInclude Include="Ground.h">
      <Filter>Object\Static</Filter>
    </ClInclude>
    <ClInclude Include="Collision.h">
      <Filter>Control\Support</Filter>
    </ClInclude>
    <ClInclude Include="Bullet.h">
      <Filter>Object\Player</Filter>
    </ClInclude>
    <ClInclude Include="Hedgehog.h">
      <Filter>Object\Dynamic</Filter>
    </ClInclude>
  </ItemGroup>
</Project>